<?xml version="1.0" encoding="utf-8"?>
<Project ToolsVersion="4.0" xmlns="http://schemas.microsoft.com/developer/msbuild/2003">
  <ItemGroup>
    <Filter Include="ソース ファイル">
      <UniqueIdentifier>{4FC737F1-C7A5-4376-A066-2A32D752A2FF}</UniqueIdentifier>
      <Extensions>cpp;c;cc;cxx;def;odl;idl;hpj;bat;asm;asmx</Extensions>
    </Filter>
    <Filter Include="ヘッダー ファイル">
      <UniqueIdentifier>{93995380-89BD-4b04-88EB-625FBE52EBFB}</UniqueIdentifier>
      <Extensions>h;hh;hpp;hxx;hm;inl;inc;ipp;xsd</Extensions>
    </Filter>
    <Filter Include="リソース ファイル">
      <UniqueIdentifier>{67DA6AB6-F800-4c08-8B7A-83BB121AAD01}</UniqueIdentifier>
      <Extensions>rc;ico;cur;bmp;dlg;rc2;rct;bin;rgs;gif;jpg;jpeg;jpe;resx;tiff;tif;png;wav;mfcribbon-ms</Extensions>
    </Filter>
    <Filter Include="gameLib">
      <UniqueIdentifier>{e0799a07-c915-4123-854e-e9dcc0561929}</UniqueIdentifier>
    </Filter>
    <Filter Include="gameLib\Headers">
      <UniqueIdentifier>{d5dc6318-4fa9-4265-8604-9cb2faf005e2}</UniqueIdentifier>
    </Filter>
    <Filter Include="gameLib\Sources">
      <UniqueIdentifier>{35eba075-0e33-467e-b807-922216340816}</UniqueIdentifier>
    </Filter>
    <Filter Include="gameLib\Shaders">
      <UniqueIdentifier>{91f6ceaa-8841-443b-abe4-abc3e2dacded}</UniqueIdentifier>
    </Filter>
    <Filter Include="ImGui">
      <UniqueIdentifier>{7415a256-0b66-4722-9656-67cbac588b3d}</UniqueIdentifier>
    </Filter>
    <Filter Include="ヘッダー ファイル\Scene">
      <UniqueIdentifier>{83784b31-1265-4a1c-b8e8-a1b046b673ee}</UniqueIdentifier>
    </Filter>
    <Filter Include="ソース ファイル\Scene">
      <UniqueIdentifier>{44340e29-9d13-459d-baeb-ecf8a4f6ad3e}</UniqueIdentifier>
    </Filter>
    <Filter Include="シェーダー">
      <UniqueIdentifier>{8c8ac49e-6b74-4bf0-b0ea-4aade901f9f0}</UniqueIdentifier>
    </Filter>
    <Filter Include="ソース ファイル\Stage">
      <UniqueIdentifier>{27614075-5350-4d4f-a1d1-a3d82fe032d7}</UniqueIdentifier>
    </Filter>
    <Filter Include="ヘッダー ファイル\Stage">
      <UniqueIdentifier>{af3d6571-8236-4b7f-8adf-63ae996cf7c4}</UniqueIdentifier>
    </Filter>
    <Filter Include="ソース ファイル\GPU">
      <UniqueIdentifier>{21fcdcac-515f-4173-97ae-a8bb63f4e612}</UniqueIdentifier>
    </Filter>
    <Filter Include="ヘッダー ファイル\GPU">
      <UniqueIdentifier>{89fe937a-f4c7-4e37-ab25-bd78d56c667f}</UniqueIdentifier>
    </Filter>
    <Filter Include="シェーダー\run_particle">
      <UniqueIdentifier>{a127e850-c06f-4713-bda4-48f06681f991}</UniqueIdentifier>
    </Filter>
    <Filter Include="シェーダー\stage_scene_particle">
      <UniqueIdentifier>{f8b9c1ea-ac49-43ea-bb3f-23d4d164c53d}</UniqueIdentifier>
    </Filter>
    <Filter Include="シェーダー\title_particle">
      <UniqueIdentifier>{abd5f4ef-594c-4472-85be-d52e9ba2b8f8}</UniqueIdentifier>
    </Filter>
    <Filter Include="シェーダー\select_scsne_particle">
      <UniqueIdentifier>{c05a1663-6da8-4fc0-a0c0-31ad2f2c08be}</UniqueIdentifier>
    </Filter>
    <Filter Include="ソース ファイル\UI">
      <UniqueIdentifier>{c68eed34-9c40-43b5-a41e-ac06c95d7742}</UniqueIdentifier>
    </Filter>
    <Filter Include="ヘッダー ファイル\UI">
      <UniqueIdentifier>{681f31e4-71f5-4c11-9b15-c9195fc959fd}</UniqueIdentifier>
    </Filter>
    <Filter Include="シェーダー\title_texture_particle">
      <UniqueIdentifier>{1cf72a95-3df3-486e-8b01-cace96b73e5d}</UniqueIdentifier>
    </Filter>
    <Filter Include="シェーダー\particle_render">
      <UniqueIdentifier>{40a2e2b5-b5fa-4fed-92a8-249484203e64}</UniqueIdentifier>
    </Filter>
    <Filter Include="ソース ファイル\Player">
      <UniqueIdentifier>{cd2832f0-c81a-4330-aa63-cf7cbfca6eca}</UniqueIdentifier>
    </Filter>
    <Filter Include="ヘッダー ファイル\Player">
      <UniqueIdentifier>{910f18a4-901a-4d2e-a2bf-7563660e28b7}</UniqueIdentifier>
    </Filter>
    <Filter Include="ソース ファイル\Camera">
      <UniqueIdentifier>{f7a17061-b610-4a6c-ab5e-7b75cd97b7b9}</UniqueIdentifier>
    </Filter>
    <Filter Include="ヘッダー ファイル\Camera">
      <UniqueIdentifier>{a26b2fc9-c19c-4e12-9ef1-6a00d10fc4b7}</UniqueIdentifier>
    </Filter>
    <Filter Include="シェーダー\fireworks_particle">
      <UniqueIdentifier>{178ff16b-fb10-4f9d-8832-ff4677e0d606}</UniqueIdentifier>
    </Filter>
    <Filter Include="gameLib\Shaders\ポストエフェクト">
      <UniqueIdentifier>{43839ed1-1b18-4af1-9651-811137cafcab}</UniqueIdentifier>
    </Filter>
    <Filter Include="gameLib\Shaders\ポストエフェクト\ブルーム">
      <UniqueIdentifier>{40a8c332-04c8-4ac4-9a8f-95e1a40f3a05}</UniqueIdentifier>
    </Filter>
    <Filter Include="gameLib\Shaders\ポストエフェクト\シャドウマップ">
      <UniqueIdentifier>{7cceab07-13a1-49cb-9e59-228ff0661a03}</UniqueIdentifier>
    </Filter>
    <Filter Include="gameLib\Shaders\ポストエフェクト\ズームブラー">
      <UniqueIdentifier>{c5ed80f9-35a3-4f1b-b158-988b8bf9c933}</UniqueIdentifier>
    </Filter>
    <Filter Include="gameLib\Shaders\ポストエフェクト\モーションブラー">
      <UniqueIdentifier>{833c9b46-0112-4d92-b17e-1d4616888e7b}</UniqueIdentifier>
    </Filter>
    <Filter Include="シェーダー\速度マップ">
      <UniqueIdentifier>{fd507f5c-4470-49c5-88ea-9f2ad911dd74}</UniqueIdentifier>
    </Filter>
    <Filter Include="シェーダー\速度マップ\速度マップ%28particle%29">
      <UniqueIdentifier>{f846d226-2e93-4afc-b8e3-782db5404b65}</UniqueIdentifier>
    </Filter>
    <Filter Include="シェーダー\速度マップ\速度マップ%28model%29">
      <UniqueIdentifier>{4a5190b5-a999-4b41-aa66-11bd339d5a43}</UniqueIdentifier>
    </Filter>
    <Filter Include="シェーダー\速度マップ\速度マップ%28static_mesh%29">
      <UniqueIdentifier>{def0f882-d026-4d24-9439-fa0f2ed1d634}</UniqueIdentifier>
    </Filter>
    <Filter Include="gameLib\Headers\ポストエフェクト">
      <UniqueIdentifier>{827d0143-796f-4aac-8f87-9edbc809bcd3}</UniqueIdentifier>
    </Filter>
    <Filter Include="gameLib\Sources\ポストエフェクト">
      <UniqueIdentifier>{bbbbf64f-a021-4393-9f1c-0bfced09d0de}</UniqueIdentifier>
    </Filter>
    <Filter Include="gameLib\Headers\描画用データ%28buffer,state,shader%29">
      <UniqueIdentifier>{8ece40fe-7db6-4edd-8627-39136ba30bce}</UniqueIdentifier>
    </Filter>
    <Filter Include="gameLib\Sources\描画用データ%28buffer,state,shader%29">
      <UniqueIdentifier>{7a849829-75f0-4589-89c8-25877406bdce}</UniqueIdentifier>
    </Filter>
  </ItemGroup>
  <ItemGroup>
    <ClCompile Include="External_Libraries\imgui\imgui.cpp">
      <Filter>ImGui</Filter>
    </ClCompile>
    <ClCompile Include="External_Libraries\imgui\imgui_demo.cpp">
      <Filter>ImGui</Filter>
    </ClCompile>
    <ClCompile Include="External_Libraries\imgui\imgui_draw.cpp">
      <Filter>ImGui</Filter>
    </ClCompile>
    <ClCompile Include="External_Libraries\imgui\imgui_impl_dx11.cpp">
      <Filter>ImGui</Filter>
    </ClCompile>
    <ClCompile Include="External_Libraries\imgui\imgui_impl_win32.cpp">
      <Filter>ImGui</Filter>
    </ClCompile>
    <ClCompile Include="External_Libraries\imgui\imgui_widgets.cpp">
      <Filter>ImGui</Filter>
    </ClCompile>
    <ClCompile Include="Source\Lib\Sources\board.cpp">
      <Filter>gameLib\Sources</Filter>
    </ClCompile>
    <ClCompile Include="Source\Lib\Sources\character.cpp">
      <Filter>gameLib\Sources</Filter>
    </ClCompile>
    <ClCompile Include="Source\Lib\Sources\cubebuffer.cpp">
      <Filter>gameLib\Sources</Filter>
    </ClCompile>
    <ClCompile Include="Source\Lib\Sources\direct_input.cpp">
      <Filter>gameLib\Sources</Filter>
    </ClCompile>
    <ClCompile Include="Source\Lib\Sources\fbx_load.cpp">
      <Filter>gameLib\Sources</Filter>
    </ClCompile>
    <ClCompile Include="Source\Lib\Sources\framework.cpp">
      <Filter>gameLib\Sources</Filter>
    </ClCompile>
    <ClCompile Include="Source\Lib\Sources\gamepad.cpp">
      <Filter>gameLib\Sources</Filter>
    </ClCompile>
    <ClCompile Include="Source\Lib\Sources\geometric_primitive.cpp">
      <Filter>gameLib\Sources</Filter>
    </ClCompile>
    <ClCompile Include="Source\Lib\Sources\main.cpp">
      <Filter>gameLib\Sources</Filter>
    </ClCompile>
    <ClCompile Include="Source\Lib\Sources\model.cpp">
      <Filter>gameLib\Sources</Filter>
    </ClCompile>
    <ClCompile Include="Source\Lib\Sources\model_data.cpp">
      <Filter>gameLib\Sources</Filter>
    </ClCompile>
    <ClCompile Include="Source\Lib\Sources\model_renderer.cpp">
      <Filter>gameLib\Sources</Filter>
    </ClCompile>
    <ClCompile Include="Source\Lib\Sources\model_resource.cpp">
      <Filter>gameLib\Sources</Filter>
    </ClCompile>
    <ClCompile Include="Source\Lib\Sources\sky_map.cpp">
      <Filter>gameLib\Sources</Filter>
    </ClCompile>
    <ClCompile Include="Source\Lib\Sources\sound.cpp">
      <Filter>gameLib\Sources</Filter>
    </ClCompile>
    <ClCompile Include="Source\Lib\Sources\sound_buffer.cpp">
      <Filter>gameLib\Sources</Filter>
    </ClCompile>
    <ClCompile Include="Source\Lib\Sources\sound_manager.cpp">
      <Filter>gameLib\Sources</Filter>
    </ClCompile>
    <ClCompile Include="Source\Lib\Sources\sprite.cpp">
      <Filter>gameLib\Sources</Filter>
    </ClCompile>
    <ClCompile Include="Source\Lib\Sources\static_mesh.cpp">
      <Filter>gameLib\Sources</Filter>
    </ClCompile>
    <ClCompile Include="Source\Lib\Sources\static_obj.cpp">
      <Filter>gameLib\Sources</Filter>
    </ClCompile>
    <ClCompile Include="Source\Lib\Sources\texture.cpp">
      <Filter>gameLib\Sources</Filter>
    </ClCompile>
    <ClCompile Include="Source\Lib\Sources\vector.cpp">
      <Filter>gameLib\Sources</Filter>
    </ClCompile>
    <ClCompile Include="Source\Lib\Sources\x_input.cpp">
      <Filter>gameLib\Sources</Filter>
    </ClCompile>
    <ClCompile Include="Source\game\Sources\tutorial_state.cpp">
      <Filter>ソース ファイル</Filter>
    </ClCompile>
    <ClCompile Include="Source\game\Sources\collision.cpp">
      <Filter>ソース ファイル</Filter>
    </ClCompile>
    <ClCompile Include="Source\game\Sources\fade.cpp">
      <Filter>ソース ファイル</Filter>
    </ClCompile>
    <ClCompile Include="Source\game\Sources\Judgment.cpp">
      <Filter>ソース ファイル</Filter>
    </ClCompile>
    <ClCompile Include="Source\game\Sources\ranking.cpp">
      <Filter>ソース ファイル</Filter>
    </ClCompile>
    <ClCompile Include="Source\game\Sources\game_ui_move.cpp">
      <Filter>ソース ファイル\UI</Filter>
    </ClCompile>
    <ClCompile Include="Source\game\Sources\result_ui_move.cpp">
      <Filter>ソース ファイル\UI</Filter>
    </ClCompile>
    <ClCompile Include="Source\game\Sources\title_ui_move.cpp">
      <Filter>ソース ファイル\UI</Filter>
    </ClCompile>
    <ClCompile Include="Source\game\Sources\ui.cpp">
      <Filter>ソース ファイル\UI</Filter>
    </ClCompile>
    <ClCompile Include="Source\game\Sources\ui_manager.cpp">
      <Filter>ソース ファイル\UI</Filter>
    </ClCompile>
    <ClCompile Include="Source\game\Sources\select_text.cpp">
      <Filter>ソース ファイル\Stage</Filter>
    </ClCompile>
    <ClCompile Include="Source\game\Sources\stage_borad.cpp">
      <Filter>ソース ファイル\Stage</Filter>
    </ClCompile>
    <ClCompile Include="Source\game\Sources\stage_editor.cpp">
      <Filter>ソース ファイル\Stage</Filter>
    </ClCompile>
    <ClCompile Include="Source\game\Sources\stage_manager.cpp">
      <Filter>ソース ファイル\Stage</Filter>
    </ClCompile>
    <ClCompile Include="Source\game\Sources\stage_obj.cpp">
      <Filter>ソース ファイル\Stage</Filter>
    </ClCompile>
    <ClCompile Include="Source\game\Sources\stage_operation.cpp">
      <Filter>ソース ファイル\Stage</Filter>
    </ClCompile>
    <ClCompile Include="Source\game\Sources\stage_select.cpp">
      <Filter>ソース ファイル\Stage</Filter>
    </ClCompile>
    <ClCompile Include="Source\game\Sources\scene_editor.cpp">
      <Filter>ソース ファイル\Scene</Filter>
    </ClCompile>
    <ClCompile Include="Source\game\Sources\scene_manager.cpp">
      <Filter>ソース ファイル\Scene</Filter>
    </ClCompile>
    <ClCompile Include="Source\game\Sources\scene_result.cpp">
      <Filter>ソース ファイル\Scene</Filter>
    </ClCompile>
    <ClCompile Include="Source\game\Sources\scene_select.cpp">
      <Filter>ソース ファイル\Scene</Filter>
    </ClCompile>
    <ClCompile Include="Source\game\Sources\scene_title.cpp">
      <Filter>ソース ファイル\Scene</Filter>
    </ClCompile>
    <ClCompile Include="Source\game\Sources\player_ai.cpp">
      <Filter>ソース ファイル\Player</Filter>
    </ClCompile>
    <ClCompile Include="Source\game\Sources\player_character.cpp">
      <Filter>ソース ファイル\Player</Filter>
    </ClCompile>
    <ClCompile Include="Source\game\Sources\hit_area_render.cpp">
      <Filter>ソース ファイル</Filter>
    </ClCompile>
    <ClCompile Include="Source\game\Sources\camera.cpp">
      <Filter>ソース ファイル\Camera</Filter>
    </ClCompile>
    <ClCompile Include="Source\game\Sources\camera_manager.cpp">
      <Filter>ソース ファイル\Camera</Filter>
    </ClCompile>
    <ClCompile Include="Source\game\Sources\camera_operation.cpp">
      <Filter>ソース ファイル\Camera</Filter>
    </ClCompile>
    <ClCompile Include="Source\game\Sources\play_camera_operation.cpp">
      <Filter>ソース ファイル\Camera</Filter>
    </ClCompile>
    <ClCompile Include="Source\game\Sources\stage_editor_camera_operation.cpp">
      <Filter>ソース ファイル\Camera</Filter>
    </ClCompile>
    <ClCompile Include="Source\game\Sources\title_camera_operation.cpp">
      <Filter>ソース ファイル\Camera</Filter>
    </ClCompile>
    <ClCompile Include="Source\game\Sources\cs_buffer.cpp">
      <Filter>ソース ファイル\GPU</Filter>
    </ClCompile>
    <ClCompile Include="Source\game\Sources\gpu_particle_manager.cpp">
      <Filter>ソース ファイル\GPU</Filter>
    </ClCompile>
    <ClCompile Include="Source\game\Sources\run_particle.cpp">
      <Filter>ソース ファイル\GPU</Filter>
    </ClCompile>
    <ClCompile Include="Source\game\Sources\select_scene_particle.cpp">
      <Filter>ソース ファイル\GPU</Filter>
    </ClCompile>
    <ClCompile Include="Source\game\Sources\stage_scene_particle.cpp">
      <Filter>ソース ファイル\GPU</Filter>
    </ClCompile>
    <ClCompile Include="Source\game\Sources\title_particle.cpp">
      <Filter>ソース ファイル\GPU</Filter>
    </ClCompile>
    <ClCompile Include="Source\game\Sources\title_texture_particle.cpp">
      <Filter>ソース ファイル\GPU</Filter>
    </ClCompile>
    <ClCompile Include="Source\game\Sources\fireworks_particle.cpp">
      <Filter>ソース ファイル\GPU</Filter>
    </ClCompile>
    <ClCompile Include="Source\game\Sources\scene_game.cpp">
      <Filter>ソース ファイル\Scene</Filter>
    </ClCompile>
    <ClCompile Include="Source\Lib\Sources\blend_state.cpp">
      <Filter>gameLib\Sources\描画用データ%28buffer,state,shader%29</Filter>
    </ClCompile>
    <ClCompile Include="Source\Lib\Sources\drow_shader.cpp">
      <Filter>gameLib\Sources\描画用データ%28buffer,state,shader%29</Filter>
    </ClCompile>
    <ClCompile Include="Source\Lib\Sources\light.cpp">
      <Filter>gameLib\Sources\描画用データ%28buffer,state,shader%29</Filter>
    </ClCompile>
    <ClCompile Include="Source\Lib\Sources\light_view.cpp">
      <Filter>gameLib\Sources\描画用データ%28buffer,state,shader%29</Filter>
    </ClCompile>
    <ClCompile Include="Source\Lib\Sources\framebuffer.cpp">
      <Filter>gameLib\Sources\描画用データ%28buffer,state,shader%29</Filter>
    </ClCompile>
    <ClCompile Include="Source\Lib\Sources\bloom.cpp">
      <Filter>gameLib\Sources\ポストエフェクト</Filter>
    </ClCompile>
    <ClCompile Include="Source\Lib\Sources\render_effects.cpp">
      <Filter>gameLib\Sources\ポストエフェクト</Filter>
    </ClCompile>
    <ClCompile Include="Source\Lib\Sources\shader.cpp">
      <Filter>gameLib\Sources\描画用データ%28buffer,state,shader%29</Filter>
    </ClCompile>
  </ItemGroup>
  <ItemGroup>
    <ClInclude Include="External_Libraries\imgui\imconfig.h">
      <Filter>ImGui</Filter>
    </ClInclude>
    <ClInclude Include="External_Libraries\imgui\imgui.h">
      <Filter>ImGui</Filter>
    </ClInclude>
    <ClInclude Include="External_Libraries\imgui\imgui_impl_dx11.h">
      <Filter>ImGui</Filter>
    </ClInclude>
    <ClInclude Include="External_Libraries\imgui\imgui_impl_win32.h">
      <Filter>ImGui</Filter>
    </ClInclude>
    <ClInclude Include="External_Libraries\imgui\imgui_internal.h">
      <Filter>ImGui</Filter>
    </ClInclude>
    <ClInclude Include="External_Libraries\imgui\imstb_rectpack.h">
      <Filter>ImGui</Filter>
    </ClInclude>
    <ClInclude Include="External_Libraries\imgui\imstb_textedit.h">
      <Filter>ImGui</Filter>
    </ClInclude>
    <ClInclude Include="External_Libraries\imgui\imstb_truetype.h">
      <Filter>ImGui</Filter>
    </ClInclude>
    <ClInclude Include="Source\Lib\Headers\board.h">
      <Filter>gameLib\Headers</Filter>
    </ClInclude>
    <ClInclude Include="Source\Lib\Headers\character.h">
      <Filter>gameLib\Headers</Filter>
    </ClInclude>
    <ClInclude Include="Source\Lib\Headers\cubebuffer.h">
      <Filter>gameLib\Headers</Filter>
    </ClInclude>
    <ClInclude Include="Source\Lib\Headers\direct_input.h">
      <Filter>gameLib\Headers</Filter>
    </ClInclude>
    <ClInclude Include="Source\Lib\Headers\fbx_load.h">
      <Filter>gameLib\Headers</Filter>
    </ClInclude>
    <ClInclude Include="Source\Lib\Headers\file_function.h">
      <Filter>gameLib\Headers</Filter>
    </ClInclude>
    <ClInclude Include="Source\Lib\Headers\framework.h">
      <Filter>gameLib\Headers</Filter>
    </ClInclude>
    <ClInclude Include="Source\Lib\Headers\gamepad.h">
      <Filter>gameLib\Headers</Filter>
    </ClInclude>
    <ClInclude Include="Source\Lib\Headers\geometric_primitive.h">
      <Filter>gameLib\Headers</Filter>
    </ClInclude>
    <ClInclude Include="Source\Lib\Headers\high_resolution_timer.h">
      <Filter>gameLib\Headers</Filter>
    </ClInclude>
    <ClInclude Include="Source\Lib\Headers\key_board.h">
      <Filter>gameLib\Headers</Filter>
    </ClInclude>
    <ClInclude Include="Source\Lib\Headers\logger.h">
      <Filter>gameLib\Headers</Filter>
    </ClInclude>
    <ClInclude Include="Source\Lib\Headers\misc.h">
      <Filter>gameLib\Headers</Filter>
    </ClInclude>
    <ClInclude Include="Source\Lib\Headers\model.h">
      <Filter>gameLib\Headers</Filter>
    </ClInclude>
    <ClInclude Include="Source\Lib\Headers\model_data.h">
      <Filter>gameLib\Headers</Filter>
    </ClInclude>
    <ClInclude Include="Source\Lib\Headers\model_renderer.h">
      <Filter>gameLib\Headers</Filter>
    </ClInclude>
    <ClInclude Include="Source\Lib\Headers\model_resource.h">
      <Filter>gameLib\Headers</Filter>
    </ClInclude>
    <ClInclude Include="Source\Lib\Headers\obj3d.h">
      <Filter>gameLib\Headers</Filter>
    </ClInclude>
    <ClInclude Include="Source\Lib\Headers\serialize_function.h">
      <Filter>gameLib\Headers</Filter>
    </ClInclude>
    <ClInclude Include="Source\Lib\Headers\shader_type.h">
      <Filter>gameLib\Headers</Filter>
    </ClInclude>
    <ClInclude Include="Source\Lib\Headers\sky_map.h">
      <Filter>gameLib\Headers</Filter>
    </ClInclude>
    <ClInclude Include="Source\Lib\Headers\sound.h">
      <Filter>gameLib\Headers</Filter>
    </ClInclude>
    <ClInclude Include="Source\Lib\Headers\sound_buffer.h">
      <Filter>gameLib\Headers</Filter>
    </ClInclude>
    <ClInclude Include="Source\Lib\Headers\sound_manager.h">
      <Filter>gameLib\Headers</Filter>
    </ClInclude>
    <ClInclude Include="Source\Lib\Headers\sprite.h">
      <Filter>gameLib\Headers</Filter>
    </ClInclude>
    <ClInclude Include="Source\Lib\Headers\static_mesh.h">
      <Filter>gameLib\Headers</Filter>
    </ClInclude>
    <ClInclude Include="Source\Lib\Headers\static_obj.h">
      <Filter>gameLib\Headers</Filter>
    </ClInclude>
    <ClInclude Include="Source\Lib\Headers\texture.h">
      <Filter>gameLib\Headers</Filter>
    </ClInclude>
    <ClInclude Include="Source\Lib\Headers\vector.h">
      <Filter>gameLib\Headers</Filter>
    </ClInclude>
    <ClInclude Include="Source\Lib\Headers\vector_combo.h">
      <Filter>gameLib\Headers</Filter>
    </ClInclude>
    <ClInclude Include="Source\Lib\Headers\x_input.h">
      <Filter>gameLib\Headers</Filter>
    </ClInclude>
    <ClInclude Include="Source\game\Headers\collision.h">
      <Filter>ヘッダー ファイル</Filter>
    </ClInclude>
    <ClInclude Include="Source\game\Headers\fade.h">
      <Filter>ヘッダー ファイル</Filter>
    </ClInclude>
    <ClInclude Include="Source\game\Headers\hit_area_render.h">
      <Filter>ヘッダー ファイル</Filter>
    </ClInclude>
    <ClInclude Include="Source\game\Headers\Judgment.h">
      <Filter>ヘッダー ファイル</Filter>
    </ClInclude>
    <ClInclude Include="Source\game\Headers\game_ui_move.h">
      <Filter>ヘッダー ファイル\UI</Filter>
    </ClInclude>
    <ClInclude Include="Source\game\Headers\result_ui_move.h">
      <Filter>ヘッダー ファイル\UI</Filter>
    </ClInclude>
    <ClInclude Include="Source\game\Headers\title_ui_move.h">
      <Filter>ヘッダー ファイル\UI</Filter>
    </ClInclude>
    <ClInclude Include="Source\game\Headers\ui.h">
      <Filter>ヘッダー ファイル\UI</Filter>
    </ClInclude>
    <ClInclude Include="Source\game\Headers\ui_manager.h">
      <Filter>ヘッダー ファイル\UI</Filter>
    </ClInclude>
    <ClInclude Include="Source\game\Headers\select_text.h">
      <Filter>ヘッダー ファイル\Stage</Filter>
    </ClInclude>
    <ClInclude Include="Source\game\Headers\stage_borad.h">
      <Filter>ヘッダー ファイル\Stage</Filter>
    </ClInclude>
    <ClInclude Include="Source\game\Headers\stage_editor.h">
      <Filter>ヘッダー ファイル\Stage</Filter>
    </ClInclude>
    <ClInclude Include="Source\game\Headers\stage_manager.h">
      <Filter>ヘッダー ファイル\Stage</Filter>
    </ClInclude>
    <ClInclude Include="Source\game\Headers\stage_obj.h">
      <Filter>ヘッダー ファイル\Stage</Filter>
    </ClInclude>
    <ClInclude Include="Source\game\Headers\stage_operation.h">
      <Filter>ヘッダー ファイル\Stage</Filter>
    </ClInclude>
    <ClInclude Include="Source\game\Headers\stage_select.h">
      <Filter>ヘッダー ファイル\Stage</Filter>
    </ClInclude>
    <ClInclude Include="Source\Lib\Headers\screen_size.h">
      <Filter>gameLib\Headers</Filter>
    </ClInclude>
    <ClInclude Include="Source\game\Headers\scene.h">
      <Filter>ヘッダー ファイル\Scene</Filter>
    </ClInclude>
    <ClInclude Include="Source\game\Headers\scene_editor.h">
      <Filter>ヘッダー ファイル\Scene</Filter>
    </ClInclude>
    <ClInclude Include="Source\game\Headers\scene_game.h">
      <Filter>ヘッダー ファイル\Scene</Filter>
    </ClInclude>
    <ClInclude Include="Source\game\Headers\scene_manager.h">
      <Filter>ヘッダー ファイル\Scene</Filter>
    </ClInclude>
    <ClInclude Include="Source\game\Headers\scene_result.h">
      <Filter>ヘッダー ファイル\Scene</Filter>
    </ClInclude>
    <ClInclude Include="Source\game\Headers\scene_select.h">
      <Filter>ヘッダー ファイル\Scene</Filter>
    </ClInclude>
    <ClInclude Include="Source\game\Headers\scene_title.h">
      <Filter>ヘッダー ファイル\Scene</Filter>
    </ClInclude>
    <ClInclude Include="Source\game\Headers\player_ai.h">
      <Filter>ヘッダー ファイル\Player</Filter>
    </ClInclude>
    <ClInclude Include="Source\game\Headers\player_character.h">
      <Filter>ヘッダー ファイル\Player</Filter>
    </ClInclude>
    <ClInclude Include="Source\game\Headers\ranking.h">
      <Filter>ヘッダー ファイル</Filter>
    </ClInclude>
    <ClInclude Include="Source\game\Headers\camera.h">
      <Filter>ヘッダー ファイル\Camera</Filter>
    </ClInclude>
    <ClInclude Include="Source\game\Headers\camera_manager.h">
      <Filter>ヘッダー ファイル\Camera</Filter>
    </ClInclude>
    <ClInclude Include="Source\game\Headers\camera_operation.h">
      <Filter>ヘッダー ファイル\Camera</Filter>
    </ClInclude>
    <ClInclude Include="Source\game\Headers\play_camera_operation.h">
      <Filter>ヘッダー ファイル\Camera</Filter>
    </ClInclude>
    <ClInclude Include="Source\game\Headers\stage_editor_camera_operation.h">
      <Filter>ヘッダー ファイル\Camera</Filter>
    </ClInclude>
    <ClInclude Include="Source\game\Headers\title_camera_operation.h">
      <Filter>ヘッダー ファイル\Camera</Filter>
    </ClInclude>
    <ClInclude Include="Source\game\Headers\fireworks_particle.h">
      <Filter>ヘッダー ファイル\GPU</Filter>
    </ClInclude>
    <ClInclude Include="Source\game\Headers\gpu_particle_manager.h">
      <Filter>ヘッダー ファイル\GPU</Filter>
    </ClInclude>
    <ClInclude Include="Source\game\Headers\run_particle.h">
      <Filter>ヘッダー ファイル\GPU</Filter>
    </ClInclude>
    <ClInclude Include="Source\game\Headers\stage_scene_particle.h">
      <Filter>ヘッダー ファイル\GPU</Filter>
    </ClInclude>
    <ClInclude Include="Source\game\Headers\title_particle.h">
      <Filter>ヘッダー ファイル\GPU</Filter>
    </ClInclude>
    <ClInclude Include="Source\game\Headers\title_texture_particle.h">
      <Filter>ヘッダー ファイル\GPU</Filter>
    </ClInclude>
    <ClInclude Include="Source\game\Headers\cs_buffer.h">
      <Filter>ヘッダー ファイル\GPU</Filter>
    </ClInclude>
    <ClInclude Include="Source\game\Headers\select_scene_particle.h">
      <Filter>ヘッダー ファイル\GPU</Filter>
    </ClInclude>
    <ClInclude Include="Source\game\Headers\tutorial_state.h">
      <Filter>ヘッダー ファイル</Filter>
    </ClInclude>
    <ClInclude Include="Source\Lib\Headers\Easing.h">
      <Filter>gameLib\Headers</Filter>
    </ClInclude>
    <ClInclude Include="Source\Lib\Headers\singleton_class.h">
      <Filter>gameLib\Headers</Filter>
    </ClInclude>
    <ClInclude Include="Source\Lib\Headers\blend_state.h">
      <Filter>gameLib\Headers\描画用データ%28buffer,state,shader%29</Filter>
    </ClInclude>
    <ClInclude Include="Source\Lib\Headers\constant_buffer.h">
      <Filter>gameLib\Headers\描画用データ%28buffer,state,shader%29</Filter>
    </ClInclude>
    <ClInclude Include="Source\Lib\Headers\framebuffer.h">
      <Filter>gameLib\Headers\描画用データ%28buffer,state,shader%29</Filter>
    </ClInclude>
    <ClInclude Include="Source\Lib\Headers\light.h">
      <Filter>gameLib\Headers\描画用データ%28buffer,state,shader%29</Filter>
    </ClInclude>
    <ClInclude Include="Source\Lib\Headers\light_view.h">
      <Filter>gameLib\Headers\描画用データ%28buffer,state,shader%29</Filter>
    </ClInclude>
    <ClInclude Include="Source\Lib\Headers\render_state.h">
      <Filter>gameLib\Headers\描画用データ%28buffer,state,shader%29</Filter>
    </ClInclude>
    <ClInclude Include="Source\Lib\Headers\sampler_state.h">
      <Filter>gameLib\Headers\描画用データ%28buffer,state,shader%29</Filter>
    </ClInclude>
    <ClInclude Include="Source\Lib\Headers\bloom.h">
      <Filter>gameLib\Headers\ポストエフェクト</Filter>
    </ClInclude>
    <ClInclude Include="Source\Lib\Headers\motion_blur_parameter.h">
      <Filter>gameLib\Headers\ポストエフェクト</Filter>
    </ClInclude>
    <ClInclude Include="Source\Lib\Headers\render_effects.h">
      <Filter>gameLib\Headers\ポストエフェクト</Filter>
    </ClInclude>
    <ClInclude Include="Source\Lib\Headers\zoom_blur_parameter.h">
      <Filter>gameLib\Headers\ポストエフェクト</Filter>
    </ClInclude>
    <ClInclude Include="Source\Lib\Headers\shader.h">
      <Filter>gameLib\Headers\描画用データ%28buffer,state,shader%29</Filter>
    </ClInclude>
    <ClInclude Include="Source\Lib\Headers\drow_shader.h">
      <Filter>gameLib\Headers\描画用データ%28buffer,state,shader%29</Filter>
    </ClInclude>
  </ItemGroup>
  <ItemGroup>
    <None Include="Source\curl_noise.hlsli">
      <Filter>シェーダー</Filter>
    </None>
    <None Include="Source\stage_scene_particle.hlsli">
      <Filter>シェーダー\stage_scene_particle</Filter>
    </None>
    <None Include="Source\title_psrticle_compute.hlsli">
      <Filter>シェーダー\title_particle</Filter>
    </None>
    <None Include="Source\matrix_calculation.hlsli">
      <Filter>シェーダー</Filter>
    </None>
    <None Include="Source\select_scene_particle.hlsli">
      <Filter>シェーダー\select_scsne_particle</Filter>
    </None>
    <None Include="Source\title_texture_particle.hlsli">
      <Filter>シェーダー\title_texture_particle</Filter>
    </None>
    <None Include="Source\particle_render.hlsli">
      <Filter>シェーダー\particle_render</Filter>
    </None>
    <None Include="Source\run_particle_cs_function.hlsli">
      <Filter>シェーダー\run_particle</Filter>
    </None>
    <None Include="Source\fireworks_particle.hlsli">
      <Filter>シェーダー\fireworks_particle</Filter>
    </None>
    <None Include="Source\Lib\Shaders\board.hlsli">
      <Filter>gameLib\Shaders</Filter>
    </None>
    <None Include="Source\Lib\Shaders\deferred_depth_static_mesh.hlsli">
      <Filter>gameLib\Shaders</Filter>
    </None>
    <None Include="Source\Lib\Shaders\geometric_primitive.hlsli">
      <Filter>gameLib\Shaders</Filter>
    </None>
    <None Include="Source\Lib\Shaders\lightType.hlsli">
      <Filter>gameLib\Shaders</Filter>
    </None>
    <None Include="Source\Lib\Shaders\model.hlsli">
      <Filter>gameLib\Shaders</Filter>
    </None>
    <None Include="Source\Lib\Shaders\model_normal.hlsli">
      <Filter>gameLib\Shaders</Filter>
    </None>
    <None Include="Source\Lib\Shaders\ps_function.hlsli">
      <Filter>gameLib\Shaders</Filter>
    </None>
    <None Include="Source\Lib\Shaders\sky_map.hlsli">
      <Filter>gameLib\Shaders</Filter>
    </None>
    <None Include="Source\Lib\Shaders\sprite.hlsli">
      <Filter>gameLib\Shaders</Filter>
    </None>
    <None Include="Source\Lib\Shaders\static_mesh.hlsli">
      <Filter>gameLib\Shaders</Filter>
    </None>
    <None Include="Source\Lib\Shaders\static_mesh_normal.hlsli">
      <Filter>gameLib\Shaders</Filter>
    </None>
    <None Include="Source\static_mesh_motion_data.hlsli">
      <Filter>シェーダー\速度マップ\速度マップ%28static_mesh%29</Filter>
    </None>
    <None Include="Source\particle_motiom_data_render.hlsli">
      <Filter>シェーダー\速度マップ\速度マップ%28particle%29</Filter>
    </None>
    <None Include="Source\model_motion_data.hlsli">
      <Filter>シェーダー\速度マップ\速度マップ%28model%29</Filter>
    </None>
    <None Include="Source\Lib\Shaders\depth_of_field_data.hlsli">
      <Filter>gameLib\Shaders</Filter>
    </None>
    <None Include="Source\render_particle_cube.hlsli">
      <Filter>シェーダー</Filter>
    </None>
    <None Include="Source\particle_count_buffer.hlsli">
      <Filter>シェーダー</Filter>
    </None>
    <None Include="Source\Lib\Shaders\bloom.hlsli">
      <Filter>gameLib\Shaders\ポストエフェクト\ブルーム</Filter>
    </None>
    <None Include="Source\Lib\Shaders\render_effects.hlsli">
      <Filter>gameLib\Shaders\ポストエフェクト\シャドウマップ</Filter>
    </None>
    <None Include="Source\Lib\Shaders\zoom_blur.hlsli">
      <Filter>gameLib\Shaders\ポストエフェクト\ズームブラー</Filter>
    </None>
    <None Include="Source\Lib\Shaders\rand_function.hlsli">
      <Filter>gameLib\Shaders</Filter>
    </None>
    <None Include="Source\cb_timer.hlsli">
      <Filter>シェーダー</Filter>
    </None>
  </ItemGroup>
  <ItemGroup>
    <FxCompile Include="Source\run_particle_cs.hlsl">
      <Filter>シェーダー\run_particle</Filter>
    </FxCompile>
    <FxCompile Include="Source\run_particle_create_cs.hlsl">
      <Filter>シェーダー\run_particle</Filter>
    </FxCompile>
    <FxCompile Include="Source\stage_scene_particle_create_cs.hlsl">
      <Filter>シェーダー\stage_scene_particle</Filter>
    </FxCompile>
    <FxCompile Include="Source\stage_scene_particle_cs.hlsl">
      <Filter>シェーダー\stage_scene_particle</Filter>
    </FxCompile>
    <FxCompile Include="Source\title_particle_create_cs.hlsl">
      <Filter>シェーダー\title_particle</Filter>
    </FxCompile>
    <FxCompile Include="Source\select_scene_create_particle_cs.hlsl">
      <Filter>シェーダー\select_scsne_particle</Filter>
    </FxCompile>
    <FxCompile Include="Source\select_scene_particle_cs.hlsl">
      <Filter>シェーダー\select_scsne_particle</Filter>
    </FxCompile>
    <FxCompile Include="Source\title_scene_change_particle_cs.hlsl">
      <Filter>シェーダー\title_particle</Filter>
    </FxCompile>
    <FxCompile Include="Source\particle_render_cube_mesh_gs.hlsl">
      <Filter>シェーダー\particle_render</Filter>
    </FxCompile>
    <FxCompile Include="Source\particle_render_cube_line_gs.hlsl">
      <Filter>シェーダー\particle_render</Filter>
    </FxCompile>
    <FxCompile Include="Source\particle_render_ps.hlsl">
      <Filter>シェーダー\particle_render</Filter>
    </FxCompile>
    <FxCompile Include="Source\particle_render_vs.hlsl">
      <Filter>シェーダー\particle_render</Filter>
    </FxCompile>
    <FxCompile Include="Source\particle_render_billboard_gs.hlsl">
      <Filter>シェーダー\particle_render</Filter>
    </FxCompile>
    <FxCompile Include="Source\particle_render_text_ps.hlsl">
      <Filter>シェーダー\particle_render</Filter>
    </FxCompile>
    <FxCompile Include="Source\particle_render_point_ps.hlsl">
      <Filter>シェーダー\particle_render</Filter>
    </FxCompile>
    <FxCompile Include="Source\titile_texture_change_creat_cs.hlsl">
      <Filter>シェーダー\title_texture_particle</Filter>
    </FxCompile>
    <FxCompile Include="Source\title_texture_scene_change_cs.hlsl">
      <Filter>シェーダー\title_texture_particle</Filter>
    </FxCompile>
    <FxCompile Include="Source\fireworks_particle_create_cs.hlsl">
      <Filter>シェーダー\fireworks_particle</Filter>
    </FxCompile>
    <FxCompile Include="Source\fireworks_particle_cs.hlsl">
      <Filter>シェーダー\fireworks_particle</Filter>
    </FxCompile>
    <FxCompile Include="Source\fireworks_smoke_particle_create.hlsl">
      <Filter>シェーダー\fireworks_particle</Filter>
    </FxCompile>
    <FxCompile Include="Source\particle_count_cs.hlsl">
      <Filter>シェーダー</Filter>
    </FxCompile>
    <FxCompile Include="Source\Lib\Shaders\board_ps.hlsl">
      <Filter>gameLib\Shaders</Filter>
    </FxCompile>
    <FxCompile Include="Source\Lib\Shaders\board_vs.hlsl">
      <Filter>gameLib\Shaders</Filter>
    </FxCompile>
    <FxCompile Include="Source\Lib\Shaders\deferred_depth_sky_map_ps.hlsl">
      <Filter>gameLib\Shaders</Filter>
    </FxCompile>
    <FxCompile Include="Source\Lib\Shaders\deferred_depth_static_mesh_ps.hlsl">
      <Filter>gameLib\Shaders</Filter>
    </FxCompile>
    <FxCompile Include="Source\Lib\Shaders\deferred_depth_static_mesh_vs.hlsl">
      <Filter>gameLib\Shaders</Filter>
    </FxCompile>
    <FxCompile Include="Source\Lib\Shaders\geometric_primitive_ps.hlsl">
      <Filter>gameLib\Shaders</Filter>
    </FxCompile>
    <FxCompile Include="Source\Lib\Shaders\geometric_primitive_vs.hlsl">
      <Filter>gameLib\Shaders</Filter>
    </FxCompile>
    <FxCompile Include="Source\Lib\Shaders\model_normal_ps.hlsl">
      <Filter>gameLib\Shaders</Filter>
    </FxCompile>
    <FxCompile Include="Source\Lib\Shaders\model_normal_vs.hlsl">
      <Filter>gameLib\Shaders</Filter>
    </FxCompile>
    <FxCompile Include="Source\Lib\Shaders\model_ps.hlsl">
      <Filter>gameLib\Shaders</Filter>
    </FxCompile>
    <FxCompile Include="Source\Lib\Shaders\model_shadow_vs.hlsl">
      <Filter>gameLib\Shaders</Filter>
    </FxCompile>
    <FxCompile Include="Source\Lib\Shaders\model_vs.hlsl">
      <Filter>gameLib\Shaders</Filter>
    </FxCompile>
    <FxCompile Include="Source\Lib\Shaders\sky_map_ps.hlsl">
      <Filter>gameLib\Shaders</Filter>
    </FxCompile>
    <FxCompile Include="Source\Lib\Shaders\sky_map_vs.hlsl">
      <Filter>gameLib\Shaders</Filter>
    </FxCompile>
    <FxCompile Include="Source\Lib\Shaders\sprite_ps.hlsl">
      <Filter>gameLib\Shaders</Filter>
    </FxCompile>
    <FxCompile Include="Source\Lib\Shaders\sprite_vs.hlsl">
      <Filter>gameLib\Shaders</Filter>
    </FxCompile>
    <FxCompile Include="Source\Lib\Shaders\static_mesh_normal_ps.hlsl">
      <Filter>gameLib\Shaders</Filter>
    </FxCompile>
    <FxCompile Include="Source\Lib\Shaders\static_mesh_normal_vs.hlsl">
      <Filter>gameLib\Shaders</Filter>
    </FxCompile>
    <FxCompile Include="Source\Lib\Shaders\static_mesh_ps.hlsl">
      <Filter>gameLib\Shaders</Filter>
    </FxCompile>
    <FxCompile Include="Source\Lib\Shaders\static_mesh_shadow_ps.hlsl">
      <Filter>gameLib\Shaders</Filter>
    </FxCompile>
    <FxCompile Include="Source\Lib\Shaders\static_mesh_shadow_vs.hlsl">
      <Filter>gameLib\Shaders</Filter>
    </FxCompile>
    <FxCompile Include="Source\Lib\Shaders\static_mesh_vs.hlsl">
      <Filter>gameLib\Shaders</Filter>
    </FxCompile>
    <FxCompile Include="Source\static_mesh_motion_data_gs.hlsl">
      <Filter>シェーダー\速度マップ\速度マップ%28static_mesh%29</Filter>
    </FxCompile>
    <FxCompile Include="Source\static_mesh_motion_data_ps.hlsl">
      <Filter>シェーダー\速度マップ\速度マップ%28static_mesh%29</Filter>
    </FxCompile>
    <FxCompile Include="Source\static_mesh_motion_data_vs.hlsl">
      <Filter>シェーダー\速度マップ\速度マップ%28static_mesh%29</Filter>
    </FxCompile>
    <FxCompile Include="Source\particle_motiom_blur_gs.hlsl">
      <Filter>シェーダー\速度マップ\速度マップ%28particle%29</Filter>
    </FxCompile>
    <FxCompile Include="Source\particle_motion_blur_ps.hlsl">
      <Filter>シェーダー\速度マップ\速度マップ%28particle%29</Filter>
    </FxCompile>
    <FxCompile Include="Source\particle_motion_blur_text_ps.hlsl">
      <Filter>シェーダー\速度マップ\速度マップ%28particle%29</Filter>
    </FxCompile>
    <FxCompile Include="Source\particle_motion_data_render_gs.hlsl">
      <Filter>シェーダー\速度マップ\速度マップ%28particle%29</Filter>
    </FxCompile>
    <FxCompile Include="Source\particle_motion_data_render_ps.hlsl">
      <Filter>シェーダー\速度マップ\速度マップ%28particle%29</Filter>
    </FxCompile>
    <FxCompile Include="Source\particle_motion_data_render_text_ps.hlsl">
      <Filter>シェーダー\速度マップ\速度マップ%28particle%29</Filter>
    </FxCompile>
    <FxCompile Include="Source\particle_motion_data_render_vs.hlsl">
      <Filter>シェーダー\速度マップ\速度マップ%28particle%29</Filter>
    </FxCompile>
    <FxCompile Include="Source\model_motion_data_gs.hlsl">
      <Filter>シェーダー\速度マップ\速度マップ%28model%29</Filter>
    </FxCompile>
    <FxCompile Include="Source\model_motion_data_ps.hlsl">
      <Filter>シェーダー\速度マップ\速度マップ%28model%29</Filter>
    </FxCompile>
    <FxCompile Include="Source\model_motion_data_vs.hlsl">
      <Filter>シェーダー\速度マップ\速度マップ%28model%29</Filter>
    </FxCompile>
    <FxCompile Include="Source\title_particle_cs.hlsl">
      <Filter>シェーダー\title_particle</Filter>
    </FxCompile>
    <FxCompile Include="Source\Lib\Shaders\bloom_blur01_ps.hlsl">
      <Filter>gameLib\Shaders\ポストエフェクト\ブルーム</Filter>
    </FxCompile>
    <FxCompile Include="Source\Lib\Shaders\bloom_blur02_ps.hlsl">
      <Filter>gameLib\Shaders\ポストエフェクト\ブルーム</Filter>
    </FxCompile>
    <FxCompile Include="Source\Lib\Shaders\bloom_vs.hlsl">
      <Filter>gameLib\Shaders\ポストエフェクト\ブルーム</Filter>
    </FxCompile>
    <FxCompile Include="Source\Lib\Shaders\bloomStart_ps.hlsl">
      <Filter>gameLib\Shaders\ポストエフェクト\ブルーム</Filter>
    </FxCompile>
    <FxCompile Include="Source\Lib\Shaders\combined_bloom.hlsl">
      <Filter>gameLib\Shaders\ポストエフェクト\ブルーム</Filter>
    </FxCompile>
    <FxCompile Include="Source\Lib\Shaders\render_effects_ps.hlsl">
      <Filter>gameLib\Shaders\ポストエフェクト\シャドウマップ</Filter>
    </FxCompile>
    <FxCompile Include="Source\Lib\Shaders\render_effects_vs.hlsl">
      <Filter>gameLib\Shaders\ポストエフェクト\シャドウマップ</Filter>
    </FxCompile>
    <FxCompile Include="Source\Lib\Shaders\deferred_depth_model_ps.hlsl">
      <Filter>gameLib\Shaders</Filter>
    </FxCompile>
    <FxCompile Include="Source\Lib\Shaders\zoom_blur_ps.hlsl">
      <Filter>gameLib\Shaders\ポストエフェクト\ズームブラー</Filter>
    </FxCompile>
    <FxCompile Include="Source\Lib\Shaders\motion_blur_ps.hlsl">
      <Filter>gameLib\Shaders\ポストエフェクト\モーションブラー</Filter>
    </FxCompile>
    <FxCompile Include="Source\particle_count_clear_cs.hlsl">
      <Filter>シェーダー</Filter>
    </FxCompile>
  </ItemGroup>
</Project>